PODS:
  - Expecta (0.3.1)
  - LNPasswordManager (0.1.0)
  - Specta (0.2.1)

DEPENDENCIES:
  - Expecta
  - LNPasswordManager (from `../`)
  - Specta (~> 0.2.1)

EXTERNAL SOURCES:
  LNPasswordManager:
    :path: ../

SPEC CHECKSUMS:
  Expecta: 03aabd0a89d8dea843baecb19a7fd7466a69a31d
  LNPasswordManager: e5d8df928f73ac128bdac50384fe15c9a8e2e61b
  Specta: 9141310f46b1f68b676650ff2854e1ed0b74163a

COCOAPODS: 0.33.1
